
Microsoft Visual Studio Solution File, Format Version 12.00
# Visual Studio 15
VisualStudioVersion = 15.0.26124.0
MinimumVisualStudioVersion = 15.0.26124.0
Project("{2150E333-8FDC-42A3-9474-1A3956D46DE8}") = "src", "src", "{A14CC1AA-B213-4B99-8A7D-6F896FA09761}"
EndProject
Project("{FAE04EC0-301F-11D3-BF4B-00C04F79EFBC}") = "SimpleAPI", "src\SimpleAPI\SimpleAPI.csproj", "{6ED40BFA-1BBD-4AA7-A255-2419FED3E1F3}"
EndProject
Project("{2150E333-8FDC-42A3-9474-1A3956D46DE8}") = "test", "test", "{7BB13AF3-FB0A-48AC-9C26-C7E37B2B27F6}"
EndProject
Project("{FAE04EC0-301F-11D3-BF4B-00C04F79EFBC}") = "SimpleAPI.Test", "test\SimpleAPI.Test\SimpleAPI.Test.csproj", "{57A568A2-EED8-415B-BEB3-87323A9B54DE}"
EndProject
Global
	GlobalSection(SolutionConfigurationPlatforms) = preSolution
		Debug|Any CPU = Debug|Any CPU
		Debug|x64 = Debug|x64
		Debug|x86 = Debug|x86
		Release|Any CPU = Release|Any CPU
		Release|x64 = Release|x64
		Release|x86 = Release|x86
	EndGlobalSection
	GlobalSection(SolutionProperties) = preSolution
		HideSolutionNode = FALSE
	EndGlobalSection
	GlobalSection(ProjectConfigurationPlatforms) = postSolution
		{6ED40BFA-1BBD-4AA7-A255-2419FED3E1F3}.Debug|Any CPU.ActiveCfg = Debug|Any CPU
		{6ED40BFA-1BBD-4AA7-A255-2419FED3E1F3}.Debug|Any CPU.Build.0 = Debug|Any CPU
		{6ED40BFA-1BBD-4AA7-A255-2419FED3E1F3}.Debug|x64.ActiveCfg = Debug|Any CPU
		{6ED40BFA-1BBD-4AA7-A255-2419FED3E1F3}.Debug|x64.Build.0 = Debug|Any CPU
		{6ED40BFA-1BBD-4AA7-A255-2419FED3E1F3}.Debug|x86.ActiveCfg = Debug|Any CPU
		{6ED40BFA-1BBD-4AA7-A255-2419FED3E1F3}.Debug|x86.Build.0 = Debug|Any CPU
		{6ED40BFA-1BBD-4AA7-A255-2419FED3E1F3}.Release|Any CPU.ActiveCfg = Release|Any CPU
		{6ED40BFA-1BBD-4AA7-A255-2419FED3E1F3}.Release|Any CPU.Build.0 = Release|Any CPU
		{6ED40BFA-1BBD-4AA7-A255-2419FED3E1F3}.Release|x64.ActiveCfg = Release|Any CPU
		{6ED40BFA-1BBD-4AA7-A255-2419FED3E1F3}.Release|x64.Build.0 = Release|Any CPU
		{6ED40BFA-1BBD-4AA7-A255-2419FED3E1F3}.Release|x86.ActiveCfg = Release|Any CPU
		{6ED40BFA-1BBD-4AA7-A255-2419FED3E1F3}.Release|x86.Build.0 = Release|Any CPU
		{57A568A2-EED8-415B-BEB3-87323A9B54DE}.Debug|Any CPU.ActiveCfg = Debug|Any CPU
		{57A568A2-EED8-415B-BEB3-87323A9B54DE}.Debug|Any CPU.Build.0 = Debug|Any CPU
		{57A568A2-EED8-415B-BEB3-87323A9B54DE}.Debug|x64.ActiveCfg = Debug|Any CPU
		{57A568A2-EED8-415B-BEB3-87323A9B54DE}.Debug|x64.Build.0 = Debug|Any CPU
		{57A568A2-EED8-415B-BEB3-87323A9B54DE}.Debug|x86.ActiveCfg = Debug|Any CPU
		{57A568A2-EED8-415B-BEB3-87323A9B54DE}.Debug|x86.Build.0 = Debug|Any CPU
		{57A568A2-EED8-415B-BEB3-87323A9B54DE}.Release|Any CPU.ActiveCfg = Release|Any CPU
		{57A568A2-EED8-415B-BEB3-87323A9B54DE}.Release|Any CPU.Build.0 = Release|Any CPU
		{57A568A2-EED8-415B-BEB3-87323A9B54DE}.Release|x64.ActiveCfg = Release|Any CPU
		{57A568A2-EED8-415B-BEB3-87323A9B54DE}.Release|x64.Build.0 = Release|Any CPU
		{57A568A2-EED8-415B-BEB3-87323A9B54DE}.Release|x86.ActiveCfg = Release|Any CPU
		{57A568A2-EED8-415B-BEB3-87323A9B54DE}.Release|x86.Build.0 = Release|Any CPU
	EndGlobalSection
	GlobalSection(NestedProjects) = preSolution
		{6ED40BFA-1BBD-4AA7-A255-2419FED3E1F3} = {A14CC1AA-B213-4B99-8A7D-6F896FA09761}
		{57A568A2-EED8-415B-BEB3-87323A9B54DE} = {7BB13AF3-FB0A-48AC-9C26-C7E37B2B27F6}
	EndGlobalSection
EndGlobal
